
Microsoft Visual Studio Solution File, Format Version 11.00
# Visual Studio 2010
Project("{8BC9CEB8-8B4A-11D0-8D11-00A0C91BC942}") = "ABNF", "ABNF.vcxproj", "{14672022-B580-4048-8CC6-8B5AC92D8313}"
EndProject
Project("{8BC9CEB8-8B4A-11D0-8D11-00A0C91BC942}") = "TestABNF", "..\TestABNF\VC2010\TestABNF.vcxproj", "{957C2966-5B47-43DD-8B43-6D267BC5E50C}"
	ProjectSection(ProjectDependencies) = postProject
		{14672022-B580-4048-8CC6-8B5AC92D8313} = {14672022-B580-4048-8CC6-8B5AC92D8313}
	EndProjectSection
EndProject
Global
	GlobalSection(SolutionConfigurationPlatforms) = preSolution
		Debug|Win32 = Debug|Win32
		Release|Win32 = Release|Win32
	EndGlobalSection
	GlobalSection(ProjectConfigurationPlatforms) = postSolution
		{14672022-B580-4048-8CC6-8B5AC92D8313}.Debug|Win32.ActiveCfg = Debug|Win32
		{14672022-B580-4048-8CC6-8B5AC92D8313}.Debug|Win32.Build.0 = Debug|Win32
		{14672022-B580-4048-8CC6-8B5AC92D8313}.Release|Win32.ActiveCfg = Release|Win32
		{14672022-B580-4048-8CC6-8B5AC92D8313}.Release|Win32.Build.0 = Release|Win32
		{957C2966-5B47-43DD-8B43-6D267BC5E50C}.Debug|Win32.ActiveCfg = Debug|Win32
		{957C2966-5B47-43DD-8B43-6D267BC5E50C}.Debug|Win32.Build.0 = Debug|Win32
		{957C2966-5B47-43DD-8B43-6D267BC5E50C}.Release|Win32.ActiveCfg = Release|Win32
		{957C2966-5B47-43DD-8B43-6D267BC5E50C}.Release|Win32.Build.0 = Release|Win32
	EndGlobalSection
	GlobalSection(SolutionProperties) = preSolution
		HideSolutionNode = FALSE
	EndGlobalSection
EndGlobal
