<?xml version="1.0" encoding="utf-8"?>
<Project ToolsVersion="4.0" xmlns="http://schemas.microsoft.com/developer/msbuild/2003">
  <ItemGroup>
    <Filter Include="Source Files">
      <UniqueIdentifier>{4FC737F1-C7A5-4376-A066-2A32D752A2FF}</UniqueIdentifier>
      <Extensions>cpp;c;cc;cxx;def;odl;idl;hpj;bat;asm;asmx</Extensions>
    </Filter>
    <Filter Include="Header Files">
      <UniqueIdentifier>{93995380-89BD-4b04-88EB-625FBE52EBFB}</UniqueIdentifier>
      <Extensions>h;hpp;hxx;hm;inl;inc;xsd</Extensions>
    </Filter>
    <Filter Include="Resource Files">
      <UniqueIdentifier>{67DA6AB6-F800-4c08-8B7A-83BB121AAD01}</UniqueIdentifier>
      <Extensions>rc;ico;cur;bmp;dlg;rc2;rct;bin;rgs;gif;jpg;jpeg;jpe;resx;tiff;tif;png;wav;mfcribbon-ms</Extensions>
    </Filter>
    <Filter Include="abnf">
      <UniqueIdentifier>{c0468209-2b17-4473-b5b1-ce88594a4e98}</UniqueIdentifier>
    </Filter>
  </ItemGroup>
  <ItemGroup>
    <ClInclude Include="Stdafx.h">
      <Filter>Header Files</Filter>
    </ClInclude>
    <ClInclude Include="resource.h">
      <Filter>Header Files</Filter>
    </ClInclude>
    <ClInclude Include="..\ABNF.hpp">
      <Filter>Header Files</Filter>
    </ClInclude>
    <ClInclude Include="..\RuleName.hpp">
      <Filter>Header Files</Filter>
    </ClInclude>
    <ClInclude Include="..\Rule.hpp">
      <Filter>Header Files</Filter>
    </ClInclude>
    <ClInclude Include="..\Terminal.hpp">
      <Filter>Header Files</Filter>
    </ClInclude>
    <ClInclude Include="..\Object.hpp">
      <Filter>Header Files</Filter>
    </ClInclude>
    <ClInclude Include="..\Parser.hpp">
      <Filter>Header Files</Filter>
    </ClInclude>
    <ClInclude Include="..\Comment.hpp">
      <Filter>Header Files</Filter>
    </ClInclude>
  </ItemGroup>
  <ItemGroup>
    <ClCompile Include="Stdafx.cpp">
      <Filter>Source Files</Filter>
    </ClCompile>
    <ClCompile Include="..\RuleName.cpp">
      <Filter>Source Files</Filter>
    </ClCompile>
    <ClCompile Include="..\Rule.cpp">
      <Filter>Source Files</Filter>
    </ClCompile>
    <ClCompile Include="..\Terminal.cpp">
      <Filter>Source Files</Filter>
    </ClCompile>
    <ClCompile Include="..\Object.cpp">
      <Filter>Source Files</Filter>
    </ClCompile>
    <ClCompile Include="..\ABNF.cpp">
      <Filter>Source Files</Filter>
    </ClCompile>
    <ClCompile Include="..\Parser.cpp">
      <Filter>Source Files</Filter>
    </ClCompile>
    <ClCompile Include="..\Comment.cpp">
      <Filter>Source Files</Filter>
    </ClCompile>
  </ItemGroup>
  <ItemGroup>
    <None Include="app.ico">
      <Filter>Resource Files</Filter>
    </None>
    <None Include="..\abnf\SimpleTest.abnf">
      <Filter>abnf</Filter>
    </None>
    <None Include="..\abnf\GoldOutput.abnf">
      <Filter>abnf</Filter>
    </None>
    <None Include="..\abnf\rfc4234.abnf">
      <Filter>abnf</Filter>
    </None>
    <None Include="..\abnf\SimpleCharCase.abnf">
      <Filter>abnf</Filter>
    </None>
    <None Include="..\abnf\SimpleGroup.abnf">
      <Filter>abnf</Filter>
    </None>
    <None Include="..\abnf\SimpleMixed.abnf">
      <Filter>abnf</Filter>
    </None>
    <None Include="..\abnf\SimpleOption.abnf">
      <Filter>abnf</Filter>
    </None>
    <None Include="..\abnf\SimpleOr.abnf">
      <Filter>abnf</Filter>
    </None>
    <None Include="..\abnf\SimpleProse.abnf">
      <Filter>abnf</Filter>
    </None>
    <None Include="..\abnf\SimpleRepeat.abnf">
      <Filter>abnf</Filter>
    </None>
    <None Include="..\abnf\SimpleUnResolved.abnf">
      <Filter>abnf</Filter>
    </None>
    <None Include="..\abnf\SimpleWrap.abnf">
      <Filter>abnf</Filter>
    </None>
  </ItemGroup>
  <ItemGroup>
    <ResourceCompile Include="app.rc">
      <Filter>Resource Files</Filter>
    </ResourceCompile>
  </ItemGroup>
</Project>